# THIS IS AN AUTOGENERATED FILE. DO NOT EDIT THIS FILE DIRECTLY.
# yarn lockfile v1


ua-parser-js@^1.0.2:
  version "1.0.2"
  resolved "https://registry.yarnpkg.com/ua-parser-js/-/ua-parser-js-1.0.2.tgz#e2976c34dbfb30b15d2c300b2a53eac87c57a775"
  integrity sha512-00y/AXhx0/SsnI51fTc0rLRmafiGOM4/O+ny10Ps7f+j/b8p/ZY11ytMgznXkOVo4GQ+KwQG5UQLkLGirsACRg==
